
Microsoft Visual Studio Solution File, Format Version 12.00
# Visual Studio 15
VisualStudioVersion = 15.0.28307.1231
MinimumVisualStudioVersion = 10.0.40219.1
Project("{FAE04EC0-301F-11D3-BF4B-00C04F79EFBC}") = "FRAttendanceSystem", "FRAttendanceSystem\FRAttendanceSystem.csproj", "{DA3B9FB8-B9E1-4378-B2A6-9C02910ED5E5}"
EndProject
Global
	GlobalSection(SolutionConfigurationPlatforms) = preSolution
		Debug|Any CPU = Debug|Any CPU
		Release|Any CPU = Release|Any CPU
	EndGlobalSection
	GlobalSection(ProjectConfigurationPlatforms) = postSolution
		{DA3B9FB8-B9E1-4378-B2A6-9C02910ED5E5}.Debug|Any CPU.ActiveCfg = Debug|Any CPU
		{DA3B9FB8-B9E1-4378-B2A6-9C02910ED5E5}.Debug|Any CPU.Build.0 = Debug|Any CPU
		{DA3B9FB8-B9E1-4378-B2A6-9C02910ED5E5}.Release|Any CPU.ActiveCfg = Release|Any CPU
		{DA3B9FB8-B9E1-4378-B2A6-9C02910ED5E5}.Release|Any CPU.Build.0 = Release|Any CPU
	EndGlobalSection
	GlobalSection(SolutionProperties) = preSolution
		HideSolutionNode = FALSE
	EndGlobalSection
	GlobalSection(ExtensibilityGlobals) = postSolution
		SolutionGuid = {FC9B9F39-31BA-48A2-9D8A-744B0ADAEEC8}
	EndGlobalSection
EndGlobal
